
Microsoft Visual Studio Solution File, Format Version 11.00
# Visual Studio 2010
Project("{FAE04EC0-301F-11D3-BF4B-00C04F79EFBC}") = "TOHDemo", "Assembly-CSharp.csproj", "{0B24A928-1C38-8879-16D6-065A2B981FA4}"
EndProject
Project("{FAE04EC0-301F-11D3-BF4B-00C04F79EFBC}") = "TOHDemo", "Assembly-CSharp-Editor.csproj", "{A27FA73F-7B8A-2F51-96C5-36D1020A461F}"
EndProject
Global
	GlobalSection(SolutionConfigurationPlatforms) = preSolution
		Debug|Any CPU = Debug|Any CPU
		Release|Any CPU = Release|Any CPU
	EndGlobalSection
	GlobalSection(ProjectConfigurationPlatforms) = postSolution
		{0B24A928-1C38-8879-16D6-065A2B981FA4}.Debug|Any CPU.ActiveCfg = Debug|Any CPU
		{0B24A928-1C38-8879-16D6-065A2B981FA4}.Debug|Any CPU.Build.0 = Debug|Any CPU
		{0B24A928-1C38-8879-16D6-065A2B981FA4}.Release|Any CPU.ActiveCfg = Release|Any CPU
		{0B24A928-1C38-8879-16D6-065A2B981FA4}.Release|Any CPU.Build.0 = Release|Any CPU
		{A27FA73F-7B8A-2F51-96C5-36D1020A461F}.Debug|Any CPU.ActiveCfg = Debug|Any CPU
		{A27FA73F-7B8A-2F51-96C5-36D1020A461F}.Debug|Any CPU.Build.0 = Debug|Any CPU
		{A27FA73F-7B8A-2F51-96C5-36D1020A461F}.Release|Any CPU.ActiveCfg = Release|Any CPU
		{A27FA73F-7B8A-2F51-96C5-36D1020A461F}.Release|Any CPU.Build.0 = Release|Any CPU
	EndGlobalSection
	GlobalSection(SolutionProperties) = preSolution
		HideSolutionNode = FALSE
	EndGlobalSection
	GlobalSection(MonoDevelopProperties) = preSolution
		StartupItem = Assembly-CSharp.csproj
	EndGlobalSection
EndGlobal
