
Microsoft Visual Studio Solution File, Format Version 12.00
# Visual Studio 2017
Project("{FAE04EC0-301F-11D3-BF4B-00C04F79EFBC}") = "Snowman Demo", "Snowman Demo.csproj", "{E51B1F61-57A1-00B1-AB22-B2447A3D4BB2}"
EndProject
Project("{FAE04EC0-301F-11D3-BF4B-00C04F79EFBC}") = "Snowman Demo.Editor", "Snowman Demo.Editor.csproj", "{ACE4A762-A9AC-7DA5-602C-C32C6A86B8D2}"
EndProject
Global
	GlobalSection(SolutionConfigurationPlatforms) = preSolution
		Debug|Any CPU = Debug|Any CPU
		Release|Any CPU = Release|Any CPU
	EndGlobalSection
	GlobalSection(ProjectConfigurationPlatforms) = postSolution
		{E51B1F61-57A1-00B1-AB22-B2447A3D4BB2}.Debug|Any CPU.ActiveCfg = Debug|Any CPU
		{E51B1F61-57A1-00B1-AB22-B2447A3D4BB2}.Debug|Any CPU.Build.0 = Debug|Any CPU
		{E51B1F61-57A1-00B1-AB22-B2447A3D4BB2}.Release|Any CPU.ActiveCfg = Release|Any CPU
		{E51B1F61-57A1-00B1-AB22-B2447A3D4BB2}.Release|Any CPU.Build.0 = Release|Any CPU
		{ACE4A762-A9AC-7DA5-602C-C32C6A86B8D2}.Debug|Any CPU.ActiveCfg = Debug|Any CPU
		{ACE4A762-A9AC-7DA5-602C-C32C6A86B8D2}.Debug|Any CPU.Build.0 = Debug|Any CPU
		{ACE4A762-A9AC-7DA5-602C-C32C6A86B8D2}.Release|Any CPU.ActiveCfg = Release|Any CPU
		{ACE4A762-A9AC-7DA5-602C-C32C6A86B8D2}.Release|Any CPU.Build.0 = Release|Any CPU
	EndGlobalSection
	GlobalSection(SolutionProperties) = preSolution
		HideSolutionNode = FALSE
	EndGlobalSection
EndGlobal
