
Microsoft Visual Studio Solution File, Format Version 12.00
# Visual Studio 15
VisualStudioVersion = 15.0.26730.16
MinimumVisualStudioVersion = 10.0.40219.1
Project("{FAE04EC0-301F-11D3-BF4B-00C04F79EFBC}") = "XMLBuilderWinForms", "XMLBuilderWinForms\XMLBuilderWinForms.csproj", "{D53DA78E-3F06-4B58-90C7-0ABC791C19DC}"
EndProject
Global
	GlobalSection(SolutionConfigurationPlatforms) = preSolution
		Debug|Any CPU = Debug|Any CPU
		Release|Any CPU = Release|Any CPU
	EndGlobalSection
	GlobalSection(ProjectConfigurationPlatforms) = postSolution
		{D53DA78E-3F06-4B58-90C7-0ABC791C19DC}.Debug|Any CPU.ActiveCfg = Debug|Any CPU
		{D53DA78E-3F06-4B58-90C7-0ABC791C19DC}.Debug|Any CPU.Build.0 = Debug|Any CPU
		{D53DA78E-3F06-4B58-90C7-0ABC791C19DC}.Release|Any CPU.ActiveCfg = Release|Any CPU
		{D53DA78E-3F06-4B58-90C7-0ABC791C19DC}.Release|Any CPU.Build.0 = Release|Any CPU
	EndGlobalSection
	GlobalSection(SolutionProperties) = preSolution
		HideSolutionNode = FALSE
	EndGlobalSection
	GlobalSection(ExtensibilityGlobals) = postSolution
		SolutionGuid = {A87A60A9-7C49-4C7E-89F7-42DAF0864633}
	EndGlobalSection
EndGlobal
